
Microsoft Visual Studio Solution File, Format Version 12.00
# Visual Studio Version 17
VisualStudioVersion = 17.9.34607.119
MinimumVisualStudioVersion = 10.0.40219.1
Project("{8BC9CEB8-8B4A-11D0-8D11-00A0C91BC942}") = "pong_raylib", "pong_raylib.vcxproj", "{4335904F-73DF-47D7-AC04-29339455DF7E}"
EndProject
Global
	GlobalSection(SolutionConfigurationPlatforms) = preSolution
		Debug|x64 = Debug|x64
		Debug|x86 = Debug|x86
		Release|x64 = Release|x64
		Release|x86 = Release|x86
	EndGlobalSection
	GlobalSection(ProjectConfigurationPlatforms) = postSolution
		{4335904F-73DF-47D7-AC04-29339455DF7E}.Debug|x64.ActiveCfg = Debug|x64
		{4335904F-73DF-47D7-AC04-29339455DF7E}.Debug|x64.Build.0 = Debug|x64
		{4335904F-73DF-47D7-AC04-29339455DF7E}.Debug|x86.ActiveCfg = Debug|Win32
		{4335904F-73DF-47D7-AC04-29339455DF7E}.Debug|x86.Build.0 = Debug|Win32
		{4335904F-73DF-47D7-AC04-29339455DF7E}.Release|x64.ActiveCfg = Release|x64
		{4335904F-73DF-47D7-AC04-29339455DF7E}.Release|x64.Build.0 = Release|x64
		{4335904F-73DF-47D7-AC04-29339455DF7E}.Release|x86.ActiveCfg = Release|Win32
		{4335904F-73DF-47D7-AC04-29339455DF7E}.Release|x86.Build.0 = Release|Win32
	EndGlobalSection
	GlobalSection(SolutionProperties) = preSolution
		HideSolutionNode = FALSE
	EndGlobalSection
	GlobalSection(ExtensibilityGlobals) = postSolution
		SolutionGuid = {44797884-1B5B-412F-B550-54ED1A429E83}
	EndGlobalSection
EndGlobal
